
Microsoft Visual Studio Solution File, Format Version 12.00
# Visual Studio Version 17
VisualStudioVersion = 17.4.33213.308
MinimumVisualStudioVersion = 10.0.40219.1
Project("{FAE04EC0-301F-11D3-BF4B-00C04F79EFBC}") = "StoreWebAPI", "StoreWebAPI.csproj", "{48DA050E-2C70-422C-BFF1-3B436E233FC5}"
EndProject
Project("{FAE04EC0-301F-11D3-BF4B-00C04F79EFBC}") = "Mappers", "..\Mappers\Mappers.csproj", "{07FBF867-CAB5-4A61-A910-BE444C2CA1CF}"
EndProject
Project("{FAE04EC0-301F-11D3-BF4B-00C04F79EFBC}") = "Services", "..\Services\Services.csproj", "{141A0F0B-7347-4AC4-9ED6-D0937D391430}"
EndProject
Project("{FAE04EC0-301F-11D3-BF4B-00C04F79EFBC}") = "Repositories", "..\Repositories\Repositories.csproj", "{24C5812F-88B0-4A1E-8607-F6CB2A9886A5}"
EndProject
Project("{FAE04EC0-301F-11D3-BF4B-00C04F79EFBC}") = "Data", "..\Data\Data.csproj", "{9D008649-09D7-41CE-8978-94DB0E642D8E}"
EndProject
Project("{FAE04EC0-301F-11D3-BF4B-00C04F79EFBC}") = "Models", "..\Models\Models.csproj", "{DE54F27B-852E-47F6-8F31-892B8EE9B113}"
EndProject
Global
	GlobalSection(SolutionConfigurationPlatforms) = preSolution
		Debug|Any CPU = Debug|Any CPU
		Release|Any CPU = Release|Any CPU
	EndGlobalSection
	GlobalSection(ProjectConfigurationPlatforms) = postSolution
		{48DA050E-2C70-422C-BFF1-3B436E233FC5}.Debug|Any CPU.ActiveCfg = Debug|Any CPU
		{48DA050E-2C70-422C-BFF1-3B436E233FC5}.Debug|Any CPU.Build.0 = Debug|Any CPU
		{48DA050E-2C70-422C-BFF1-3B436E233FC5}.Release|Any CPU.ActiveCfg = Release|Any CPU
		{48DA050E-2C70-422C-BFF1-3B436E233FC5}.Release|Any CPU.Build.0 = Release|Any CPU
		{07FBF867-CAB5-4A61-A910-BE444C2CA1CF}.Debug|Any CPU.ActiveCfg = Debug|Any CPU
		{07FBF867-CAB5-4A61-A910-BE444C2CA1CF}.Debug|Any CPU.Build.0 = Debug|Any CPU
		{07FBF867-CAB5-4A61-A910-BE444C2CA1CF}.Release|Any CPU.ActiveCfg = Release|Any CPU
		{07FBF867-CAB5-4A61-A910-BE444C2CA1CF}.Release|Any CPU.Build.0 = Release|Any CPU
		{141A0F0B-7347-4AC4-9ED6-D0937D391430}.Debug|Any CPU.ActiveCfg = Debug|Any CPU
		{141A0F0B-7347-4AC4-9ED6-D0937D391430}.Debug|Any CPU.Build.0 = Debug|Any CPU
		{141A0F0B-7347-4AC4-9ED6-D0937D391430}.Release|Any CPU.ActiveCfg = Release|Any CPU
		{141A0F0B-7347-4AC4-9ED6-D0937D391430}.Release|Any CPU.Build.0 = Release|Any CPU
		{24C5812F-88B0-4A1E-8607-F6CB2A9886A5}.Debug|Any CPU.ActiveCfg = Debug|Any CPU
		{24C5812F-88B0-4A1E-8607-F6CB2A9886A5}.Debug|Any CPU.Build.0 = Debug|Any CPU
		{24C5812F-88B0-4A1E-8607-F6CB2A9886A5}.Release|Any CPU.ActiveCfg = Release|Any CPU
		{24C5812F-88B0-4A1E-8607-F6CB2A9886A5}.Release|Any CPU.Build.0 = Release|Any CPU
		{9D008649-09D7-41CE-8978-94DB0E642D8E}.Debug|Any CPU.ActiveCfg = Debug|Any CPU
		{9D008649-09D7-41CE-8978-94DB0E642D8E}.Debug|Any CPU.Build.0 = Debug|Any CPU
		{9D008649-09D7-41CE-8978-94DB0E642D8E}.Release|Any CPU.ActiveCfg = Release|Any CPU
		{9D008649-09D7-41CE-8978-94DB0E642D8E}.Release|Any CPU.Build.0 = Release|Any CPU
		{DE54F27B-852E-47F6-8F31-892B8EE9B113}.Debug|Any CPU.ActiveCfg = Debug|Any CPU
		{DE54F27B-852E-47F6-8F31-892B8EE9B113}.Debug|Any CPU.Build.0 = Debug|Any CPU
		{DE54F27B-852E-47F6-8F31-892B8EE9B113}.Release|Any CPU.ActiveCfg = Release|Any CPU
		{DE54F27B-852E-47F6-8F31-892B8EE9B113}.Release|Any CPU.Build.0 = Release|Any CPU
	EndGlobalSection
	GlobalSection(SolutionProperties) = preSolution
		HideSolutionNode = FALSE
	EndGlobalSection
	GlobalSection(ExtensibilityGlobals) = postSolution
		SolutionGuid = {30D735CC-85B7-436F-AF5A-D27D3D01BBBF}
	EndGlobalSection
EndGlobal
